
Microsoft Visual Studio Solution File, Format Version 12.00
Project("{FAE04EC0-301F-11D3-BF4B-00C04F79EFBC}") = "Bella_Sposa_Bridal_api", "Bella_Sposa_Bridal_api\Bella_Sposa_Bridal_api.csproj", "{55A27EB5-58F3-4447-A204-485901848070}"
EndProject
Global
	GlobalSection(SolutionConfigurationPlatforms) = preSolution
		Debug|Any CPU = Debug|Any CPU
		Release|Any CPU = Release|Any CPU
	EndGlobalSection
	GlobalSection(ProjectConfigurationPlatforms) = postSolution
		{55A27EB5-58F3-4447-A204-485901848070}.Debug|Any CPU.ActiveCfg = Debug|Any CPU
		{55A27EB5-58F3-4447-A204-485901848070}.Debug|Any CPU.Build.0 = Debug|Any CPU
		{55A27EB5-58F3-4447-A204-485901848070}.Release|Any CPU.ActiveCfg = Release|Any CPU
		{55A27EB5-58F3-4447-A204-485901848070}.Release|Any CPU.Build.0 = Release|Any CPU
	EndGlobalSection
EndGlobal
